
Microsoft Visual Studio Solution File, Format Version 12.00
# Visual Studio Version 16
VisualStudioVersion = 16.0.29905.134
MinimumVisualStudioVersion = 10.0.40219.1
Project("{FAE04EC0-301F-11D3-BF4B-00C04F79EFBC}") = "UI", "UI\UI.csproj", "{76E2DFDE-E1FC-4B97-A8CE-78E27C527D32}"
EndProject
Project("{FAE04EC0-301F-11D3-BF4B-00C04F79EFBC}") = "Interfaces", "Interfaces\Interfaces.csproj", "{A980552F-09C8-4C80-A1A7-5A850D4CB583}"
EndProject
Project("{2150E333-8FDC-42A3-9474-1A3956D46DE8}") = "Solution Items", "Solution Items", "{EFD5FDCB-DC45-4467-93E1-1A55BEB829C4}"
	ProjectSection(SolutionItems) = preProject
		.editorconfig = .editorconfig
	EndProjectSection
EndProject
Project("{FAE04EC0-301F-11D3-BF4B-00C04F79EFBC}") = "ViewModel", "ViewModel\ViewModel.csproj", "{937E8B97-919C-4CA5-8675-34DDD589FC41}"
EndProject
Project("{FAE04EC0-301F-11D3-BF4B-00C04F79EFBC}") = "ViewModelControlers", "ViewModelControlers\ViewModelControlers.csproj", "{CE360D4C-D061-4D55-88B1-FC3457D7DC72}"
EndProject
Project("{FAE04EC0-301F-11D3-BF4B-00C04F79EFBC}") = "UwpOcrForWpfLibrary", "WindowsUwpOcr\UwpOcrForWpfLibrary.csproj", "{43DD86CB-C08A-4862-818F-DE4E6FB36BEA}"
EndProject
Global
	GlobalSection(SolutionConfigurationPlatforms) = preSolution
		Debug|Any CPU = Debug|Any CPU
		Release|Any CPU = Release|Any CPU
	EndGlobalSection
	GlobalSection(ProjectConfigurationPlatforms) = postSolution
		{76E2DFDE-E1FC-4B97-A8CE-78E27C527D32}.Debug|Any CPU.ActiveCfg = Debug|Any CPU
		{76E2DFDE-E1FC-4B97-A8CE-78E27C527D32}.Debug|Any CPU.Build.0 = Debug|Any CPU
		{76E2DFDE-E1FC-4B97-A8CE-78E27C527D32}.Release|Any CPU.ActiveCfg = Release|Any CPU
		{76E2DFDE-E1FC-4B97-A8CE-78E27C527D32}.Release|Any CPU.Build.0 = Release|Any CPU
		{A980552F-09C8-4C80-A1A7-5A850D4CB583}.Debug|Any CPU.ActiveCfg = Debug|Any CPU
		{A980552F-09C8-4C80-A1A7-5A850D4CB583}.Debug|Any CPU.Build.0 = Debug|Any CPU
		{A980552F-09C8-4C80-A1A7-5A850D4CB583}.Release|Any CPU.ActiveCfg = Release|Any CPU
		{A980552F-09C8-4C80-A1A7-5A850D4CB583}.Release|Any CPU.Build.0 = Release|Any CPU
		{937E8B97-919C-4CA5-8675-34DDD589FC41}.Debug|Any CPU.ActiveCfg = Debug|Any CPU
		{937E8B97-919C-4CA5-8675-34DDD589FC41}.Debug|Any CPU.Build.0 = Debug|Any CPU
		{937E8B97-919C-4CA5-8675-34DDD589FC41}.Release|Any CPU.ActiveCfg = Release|Any CPU
		{937E8B97-919C-4CA5-8675-34DDD589FC41}.Release|Any CPU.Build.0 = Release|Any CPU
		{CE360D4C-D061-4D55-88B1-FC3457D7DC72}.Debug|Any CPU.ActiveCfg = Debug|Any CPU
		{CE360D4C-D061-4D55-88B1-FC3457D7DC72}.Debug|Any CPU.Build.0 = Debug|Any CPU
		{CE360D4C-D061-4D55-88B1-FC3457D7DC72}.Release|Any CPU.ActiveCfg = Release|Any CPU
		{CE360D4C-D061-4D55-88B1-FC3457D7DC72}.Release|Any CPU.Build.0 = Release|Any CPU
		{43DD86CB-C08A-4862-818F-DE4E6FB36BEA}.Debug|Any CPU.ActiveCfg = Debug|Any CPU
		{43DD86CB-C08A-4862-818F-DE4E6FB36BEA}.Debug|Any CPU.Build.0 = Debug|Any CPU
		{43DD86CB-C08A-4862-818F-DE4E6FB36BEA}.Release|Any CPU.ActiveCfg = Release|Any CPU
		{43DD86CB-C08A-4862-818F-DE4E6FB36BEA}.Release|Any CPU.Build.0 = Release|Any CPU
	EndGlobalSection
	GlobalSection(SolutionProperties) = preSolution
		HideSolutionNode = FALSE
	EndGlobalSection
	GlobalSection(ExtensibilityGlobals) = postSolution
		SolutionGuid = {1C96C38F-79C8-4798-9CA9-10509B0E333A}
	EndGlobalSection
EndGlobal
